
Microsoft Visual Studio Solution File, Format Version 12.00
# Visual Studio Version 17
VisualStudioVersion = 17.10.35013.160
MinimumVisualStudioVersion = 10.0.40219.1
Project("{9A19103F-16F7-4668-BE54-9A1E7A4F7556}") = "02.KyroStackApp.Application", "src\02.KyroStackApp.Application\02.KyroStackApp.Application.csproj", "{00861F2E-564D-4CDE-8097-3083064A368A}"
EndProject
Project("{9A19103F-16F7-4668-BE54-9A1E7A4F7556}") = "01.KyroStackApp.Orchestration", "src\01.KyroStackApp.Orchestration\01.KyroStackApp.Orchestration.csproj", "{33662DC7-A888-4DF5-B858-1B4C48855633}"
EndProject
Project("{2150E333-8FDC-42A3-9474-1A3956D46DE8}") = "Solution Items", "Solution Items", "{66D7AE7C-DB21-4E2F-A34B-2E4AF4BD763B}"
	ProjectSection(SolutionItems) = preProject
		.editorconfig = .editorconfig
		.gitignore = .gitignore
		Directory.Build.props = Directory.Build.props
		Directory.Packages.props = Directory.Packages.props
		docker-compose.yml = docker-compose.yml
	EndProjectSection
EndProject
Project("{9A19103F-16F7-4668-BE54-9A1E7A4F7556}") = "03.KyroStackApp.Domain", "src\03.KyroStackApp.Domain\03.KyroStackApp.Domain.csproj", "{0C74C31D-A556-4377-B8BE-DB91AE09D5B8}"
EndProject
Project("{9A19103F-16F7-4668-BE54-9A1E7A4F7556}") = "04.KyroStackApp.Infrastructure", "src\04.KyroStackApp.Infrastructure\04.KyroStackApp.Infrastructure.csproj", "{96D44434-E4CE-43B6-BB71-7F5AC339024F}"
EndProject
Project("{9A19103F-16F7-4668-BE54-9A1E7A4F7556}") = "05.KyroStackApp.Shared", "src\05.KyroStackApp.Shared\05.KyroStackApp.Shared.csproj", "{7F7C5CE8-EBB7-4FAB-8D5C-11A073CE7F06}"
EndProject
Global
	GlobalSection(SolutionConfigurationPlatforms) = preSolution
		Debug|Any CPU = Debug|Any CPU
		Release|Any CPU = Release|Any CPU
	EndGlobalSection
	GlobalSection(ProjectConfigurationPlatforms) = postSolution
		{00861F2E-564D-4CDE-8097-3083064A368A}.Debug|Any CPU.ActiveCfg = Debug|Any CPU
		{00861F2E-564D-4CDE-8097-3083064A368A}.Debug|Any CPU.Build.0 = Debug|Any CPU
		{00861F2E-564D-4CDE-8097-3083064A368A}.Release|Any CPU.ActiveCfg = Release|Any CPU
		{00861F2E-564D-4CDE-8097-3083064A368A}.Release|Any CPU.Build.0 = Release|Any CPU
		{33662DC7-A888-4DF5-B858-1B4C48855633}.Debug|Any CPU.ActiveCfg = Debug|Any CPU
		{33662DC7-A888-4DF5-B858-1B4C48855633}.Debug|Any CPU.Build.0 = Debug|Any CPU
		{33662DC7-A888-4DF5-B858-1B4C48855633}.Release|Any CPU.ActiveCfg = Release|Any CPU
		{33662DC7-A888-4DF5-B858-1B4C48855633}.Release|Any CPU.Build.0 = Release|Any CPU
		{0C74C31D-A556-4377-B8BE-DB91AE09D5B8}.Debug|Any CPU.ActiveCfg = Debug|Any CPU
		{0C74C31D-A556-4377-B8BE-DB91AE09D5B8}.Debug|Any CPU.Build.0 = Debug|Any CPU
		{0C74C31D-A556-4377-B8BE-DB91AE09D5B8}.Release|Any CPU.ActiveCfg = Release|Any CPU
		{0C74C31D-A556-4377-B8BE-DB91AE09D5B8}.Release|Any CPU.Build.0 = Release|Any CPU
		{96D44434-E4CE-43B6-BB71-7F5AC339024F}.Debug|Any CPU.ActiveCfg = Debug|Any CPU
		{96D44434-E4CE-43B6-BB71-7F5AC339024F}.Debug|Any CPU.Build.0 = Debug|Any CPU
		{96D44434-E4CE-43B6-BB71-7F5AC339024F}.Release|Any CPU.ActiveCfg = Release|Any CPU
		{96D44434-E4CE-43B6-BB71-7F5AC339024F}.Release|Any CPU.Build.0 = Release|Any CPU
		{7F7C5CE8-EBB7-4FAB-8D5C-11A073CE7F06}.Debug|Any CPU.ActiveCfg = Debug|Any CPU
		{7F7C5CE8-EBB7-4FAB-8D5C-11A073CE7F06}.Debug|Any CPU.Build.0 = Debug|Any CPU
		{7F7C5CE8-EBB7-4FAB-8D5C-11A073CE7F06}.Release|Any CPU.ActiveCfg = Release|Any CPU
		{7F7C5CE8-EBB7-4FAB-8D5C-11A073CE7F06}.Release|Any CPU.Build.0 = Release|Any CPU
	EndGlobalSection
	GlobalSection(SolutionProperties) = preSolution
		HideSolutionNode = FALSE
	EndGlobalSection
	GlobalSection(ExtensibilityGlobals) = postSolution
		SolutionGuid = {40BA331A-F204-485D-B62A-CE0337E27BD8}
	EndGlobalSection
EndGlobal
